
Microsoft Visual Studio Solution File, Format Version 12.00
# Visual Studio Version 17
VisualStudioVersion = 17.0.31903.59
MinimumVisualStudioVersion = 10.0.40219.1
Project("{FAE04EC0-301F-11D3-BF4B-00C04F79EFBC}") = "DocumentSummarizer.Domain", "DocumentSummarizer.Domain\DocumentSummarizer.Domain.csproj", "{53000843-9C30-4B1E-BFCC-5C3D51CEA482}"
EndProject
Project("{FAE04EC0-301F-11D3-BF4B-00C04F79EFBC}") = "DocumentSummarizer.Application", "DocumentSummarizer.Application\DocumentSummarizer.Application.csproj", "{95ECA4FD-CE83-4A0B-8908-C600A7F9EF1B}"
EndProject
Project("{FAE04EC0-301F-11D3-BF4B-00C04F79EFBC}") = "DocumentSummarizer.Infrastructure", "DocumentSummarizer.Infrastructure\DocumentSummarizer.Infrastructure.csproj", "{FF2E62CA-896B-48C4-ABE0-227F2D787615}"
EndProject
Project("{FAE04EC0-301F-11D3-BF4B-00C04F79EFBC}") = "DocumentSummarizer.API", "DocumentSummarizer.API\DocumentSummarizer.API.csproj", "{94A23994-3484-434E-B012-5DCECDA7A001}"
EndProject
Project("{FAE04EC0-301F-11D3-BF4B-00C04F79EFBC}") = "DocumentSummarizer.Tests", "DocumentSummarizer.Tests\DocumentSummarizer.Tests.csproj", "{ECDE250A-A37A-4882-8590-C905B90D867A}"
EndProject
Global
	GlobalSection(SolutionConfigurationPlatforms) = preSolution
		Debug|Any CPU = Debug|Any CPU
		Debug|x64 = Debug|x64
		Debug|x86 = Debug|x86
		Release|Any CPU = Release|Any CPU
		Release|x64 = Release|x64
		Release|x86 = Release|x86
	EndGlobalSection
	GlobalSection(ProjectConfigurationPlatforms) = postSolution
		{53000843-9C30-4B1E-BFCC-5C3D51CEA482}.Debug|Any CPU.ActiveCfg = Debug|Any CPU
		{53000843-9C30-4B1E-BFCC-5C3D51CEA482}.Debug|Any CPU.Build.0 = Debug|Any CPU
		{53000843-9C30-4B1E-BFCC-5C3D51CEA482}.Debug|x64.ActiveCfg = Debug|Any CPU
		{53000843-9C30-4B1E-BFCC-5C3D51CEA482}.Debug|x64.Build.0 = Debug|Any CPU
		{53000843-9C30-4B1E-BFCC-5C3D51CEA482}.Debug|x86.ActiveCfg = Debug|Any CPU
		{53000843-9C30-4B1E-BFCC-5C3D51CEA482}.Debug|x86.Build.0 = Debug|Any CPU
		{53000843-9C30-4B1E-BFCC-5C3D51CEA482}.Release|Any CPU.ActiveCfg = Release|Any CPU
		{53000843-9C30-4B1E-BFCC-5C3D51CEA482}.Release|Any CPU.Build.0 = Release|Any CPU
		{53000843-9C30-4B1E-BFCC-5C3D51CEA482}.Release|x64.ActiveCfg = Release|Any CPU
		{53000843-9C30-4B1E-BFCC-5C3D51CEA482}.Release|x64.Build.0 = Release|Any CPU
		{53000843-9C30-4B1E-BFCC-5C3D51CEA482}.Release|x86.ActiveCfg = Release|Any CPU
		{53000843-9C30-4B1E-BFCC-5C3D51CEA482}.Release|x86.Build.0 = Release|Any CPU
		{95ECA4FD-CE83-4A0B-8908-C600A7F9EF1B}.Debug|Any CPU.ActiveCfg = Debug|Any CPU
		{95ECA4FD-CE83-4A0B-8908-C600A7F9EF1B}.Debug|Any CPU.Build.0 = Debug|Any CPU
		{95ECA4FD-CE83-4A0B-8908-C600A7F9EF1B}.Debug|x64.ActiveCfg = Debug|Any CPU
		{95ECA4FD-CE83-4A0B-8908-C600A7F9EF1B}.Debug|x64.Build.0 = Debug|Any CPU
		{95ECA4FD-CE83-4A0B-8908-C600A7F9EF1B}.Debug|x86.ActiveCfg = Debug|Any CPU
		{95ECA4FD-CE83-4A0B-8908-C600A7F9EF1B}.Debug|x86.Build.0 = Debug|Any CPU
		{95ECA4FD-CE83-4A0B-8908-C600A7F9EF1B}.Release|Any CPU.ActiveCfg = Release|Any CPU
		{95ECA4FD-CE83-4A0B-8908-C600A7F9EF1B}.Release|Any CPU.Build.0 = Release|Any CPU
		{95ECA4FD-CE83-4A0B-8908-C600A7F9EF1B}.Release|x64.ActiveCfg = Release|Any CPU
		{95ECA4FD-CE83-4A0B-8908-C600A7F9EF1B}.Release|x64.Build.0 = Release|Any CPU
		{95ECA4FD-CE83-4A0B-8908-C600A7F9EF1B}.Release|x86.ActiveCfg = Release|Any CPU
		{95ECA4FD-CE83-4A0B-8908-C600A7F9EF1B}.Release|x86.Build.0 = Release|Any CPU
		{FF2E62CA-896B-48C4-ABE0-227F2D787615}.Debug|Any CPU.ActiveCfg = Debug|Any CPU
		{FF2E62CA-896B-48C4-ABE0-227F2D787615}.Debug|Any CPU.Build.0 = Debug|Any CPU
		{FF2E62CA-896B-48C4-ABE0-227F2D787615}.Debug|x64.ActiveCfg = Debug|Any CPU
		{FF2E62CA-896B-48C4-ABE0-227F2D787615}.Debug|x64.Build.0 = Debug|Any CPU
		{FF2E62CA-896B-48C4-ABE0-227F2D787615}.Debug|x86.ActiveCfg = Debug|Any CPU
		{FF2E62CA-896B-48C4-ABE0-227F2D787615}.Debug|x86.Build.0 = Debug|Any CPU
		{FF2E62CA-896B-48C4-ABE0-227F2D787615}.Release|Any CPU.ActiveCfg = Release|Any CPU
		{FF2E62CA-896B-48C4-ABE0-227F2D787615}.Release|Any CPU.Build.0 = Release|Any CPU
		{FF2E62CA-896B-48C4-ABE0-227F2D787615}.Release|x64.ActiveCfg = Release|Any CPU
		{FF2E62CA-896B-48C4-ABE0-227F2D787615}.Release|x64.Build.0 = Release|Any CPU
		{FF2E62CA-896B-48C4-ABE0-227F2D787615}.Release|x86.ActiveCfg = Release|Any CPU
		{FF2E62CA-896B-48C4-ABE0-227F2D787615}.Release|x86.Build.0 = Release|Any CPU
		{94A23994-3484-434E-B012-5DCECDA7A001}.Debug|Any CPU.ActiveCfg = Debug|Any CPU
		{94A23994-3484-434E-B012-5DCECDA7A001}.Debug|Any CPU.Build.0 = Debug|Any CPU
		{94A23994-3484-434E-B012-5DCECDA7A001}.Debug|x64.ActiveCfg = Debug|Any CPU
		{94A23994-3484-434E-B012-5DCECDA7A001}.Debug|x64.Build.0 = Debug|Any CPU
		{94A23994-3484-434E-B012-5DCECDA7A001}.Debug|x86.ActiveCfg = Debug|Any CPU
		{94A23994-3484-434E-B012-5DCECDA7A001}.Debug|x86.Build.0 = Debug|Any CPU
		{94A23994-3484-434E-B012-5DCECDA7A001}.Release|Any CPU.ActiveCfg = Release|Any CPU
		{94A23994-3484-434E-B012-5DCECDA7A001}.Release|Any CPU.Build.0 = Release|Any CPU
		{94A23994-3484-434E-B012-5DCECDA7A001}.Release|x64.ActiveCfg = Release|Any CPU
		{94A23994-3484-434E-B012-5DCECDA7A001}.Release|x64.Build.0 = Release|Any CPU
		{94A23994-3484-434E-B012-5DCECDA7A001}.Release|x86.ActiveCfg = Release|Any CPU
		{94A23994-3484-434E-B012-5DCECDA7A001}.Release|x86.Build.0 = Release|Any CPU
		{ECDE250A-A37A-4882-8590-C905B90D867A}.Debug|Any CPU.ActiveCfg = Debug|Any CPU
		{ECDE250A-A37A-4882-8590-C905B90D867A}.Debug|Any CPU.Build.0 = Debug|Any CPU
		{ECDE250A-A37A-4882-8590-C905B90D867A}.Debug|x64.ActiveCfg = Debug|Any CPU
		{ECDE250A-A37A-4882-8590-C905B90D867A}.Debug|x64.Build.0 = Debug|Any CPU
		{ECDE250A-A37A-4882-8590-C905B90D867A}.Debug|x86.ActiveCfg = Debug|Any CPU
		{ECDE250A-A37A-4882-8590-C905B90D867A}.Debug|x86.Build.0 = Debug|Any CPU
		{ECDE250A-A37A-4882-8590-C905B90D867A}.Release|Any CPU.ActiveCfg = Release|Any CPU
		{ECDE250A-A37A-4882-8590-C905B90D867A}.Release|Any CPU.Build.0 = Release|Any CPU
		{ECDE250A-A37A-4882-8590-C905B90D867A}.Release|x64.ActiveCfg = Release|Any CPU
		{ECDE250A-A37A-4882-8590-C905B90D867A}.Release|x64.Build.0 = Release|Any CPU
		{ECDE250A-A37A-4882-8590-C905B90D867A}.Release|x86.ActiveCfg = Release|Any CPU
		{ECDE250A-A37A-4882-8590-C905B90D867A}.Release|x86.Build.0 = Release|Any CPU
	EndGlobalSection
	GlobalSection(SolutionProperties) = preSolution
		HideSolutionNode = FALSE
	EndGlobalSection
EndGlobal
